lockfileVersion: '9.0'

settings:
  autoInstallPeers: true
  excludeLinksFromLockfile: false

importers:

  .:
    dependencies:
      '@ai-sdk/groq':
        specifier: 2.0.17
        version: 2.0.17(zod@4.1.9)
      '@prisma/client':
        specifier: ^5.14.0
        version: 5.14.0(prisma@5.14.0)
      '@radix-ui/react-slot':
        specifier: ^1.0.2
        version: 1.0.2(@types/react@18.0.0)(react@18.0.0)
      ai:
        specifier: latest
        version: 5.0.47(zod@4.1.9)
      class-variance-authority:
        specifier: ^0.7.1
        version: 0.7.1
      clsx:
        specifier: ^2.1.1
        version: 2.1.1
      date-fns:
        specifier: latest
        version: 4.1.0
      geist:
        specifier: latest
        version: 1.5.1(next@14.2.16(@opentelemetry/api@1.9.0)(react-dom@18.0.0(react@18.0.0))(react@18.0.0))
      lucide-react:
        specifier: ^0.454.0
        version: 0.454.0(react@18.0.0)
      next:
        specifier: 14.2.16
        version: 14.2.16(@opentelemetry/api@1.9.0)(react-dom@18.0.0(react@18.0.0))(react@18.0.0)
      next-auth:
        specifier: 4.24.11
        version: 4.24.11(next@14.2.16(@opentelemetry/api@1.9.0)(react-dom@18.0.0(react@18.0.0))(react@18.0.0))(react-dom@18.0.0(react@18.0.0))(react@18.0.0)
      next-themes:
        specifier: latest
        version: 0.4.6(react-dom@18.0.0(react@18.0.0))(react@18.0.0)
      react:
        specifier: ^18
        version: 18.0.0
      react-dom:
        specifier: ^18
        version: 18.0.0(react@18.0.0)
      recharts:
        specifier: latest
        version: 3.2.1(@types/react@18.0.0)(react-dom@18.0.0(react@18.0.0))(react-is@19.1.1)(react@18.0.0)(redux@5.0.1)
      tailwind-merge:
        specifier: ^2.5.5
        version: 2.5.5
      tailwindcss-animate:
        specifier: ^1.0.7
        version: 1.0.7(tailwindcss@4.1.9)
      zod:
        specifier: latest
        version: 4.1.9
    devDependencies:
      '@types/node':
        specifier: ^22
        version: 22.0.0
      '@types/react':
        specifier: ^18
        version: 18.0.0
      '@types/react-dom':
        specifier: ^18
        version: 18.0.0
      postcss:
        specifier: ^8.5
        version: 8.5.0
      prisma:
        specifier: ^5.14.0
        version: 5.14.0
      tailwindcss:
        specifier: ^4.1.9
        version: 4.1.9
      tsx:
        specifier: ^4.6.2
        version: 4.6.2
      typescript:
        specifier: ^5
        version: 5.0.2

packages:

  '@ai-sdk/gateway@1.0.24':
    resolution: {integrity: sha512-Mwp0yYXrEnENoDrc7IH9yVRVJ7RrDW0CXWDtyz1BiyqccbtdWhAKu4wtrDMx2FkeK5riiME1kYYdjRnlba3UFw==}
    engines: {node: '>=18'}
    peerDependencies:
      zod: ^3.25.76 || ^4

  '@ai-sdk/groq@2.0.17':
    resolution: {integrity: sha512-Oh6Fk988KNvqy4w1crBhBQU8JIkfqhxSiYCbBZFqZSeDsagZ8SHsS2ni9+7pq6e0DR/XGp6fDGDFsm+01kmsmg==}
    engines: {node: '>=18'}
    peerDependencies:
      zod: ^3.25.76 || ^4

  '@ai-sdk/provider-utils@3.0.8':
    resolution: {integrity: sha512-cDj1iigu7MW2tgAQeBzOiLhjHOUM9vENsgh4oAVitek0d//WdgfPCsKO3euP7m7LyO/j9a1vr/So+BGNdpFXYw==}
    engines: {node: '>=18'}
    peerDependencies:
      zod: ^3.25.76 || ^4

  '@ai-sdk/provider-utils@3.0.9':
    resolution: {integrity: sha512-Pm571x5efqaI4hf9yW4KsVlDBDme8++UepZRnq+kqVBWWjgvGhQlzU8glaFq0YJEB9kkxZHbRRyVeHoV2sRYaQ==}
    engines: {node: '>=18'}
    peerDependencies:
      zod: ^3.25.76 || ^4

  '@ai-sdk/provider@2.0.0':
    resolution: {integrity: sha512-6o7Y2SeO9vFKB8lArHXehNuusnpddKPk7xqL7T2/b+OvXMRIXUO1rR4wcv1hAFUAT9avGZshty3Wlua/XA7TvA==}
    engines: {node: '>=18'}

  '@babel/runtime@7.28.4':
    resolution: {integrity: sha512-Q/N6JNWvIvPnLDvjlE1OUBLPQHH6l3CltCEsHIujp45zQUSSh8K+gHnaEX45yAT1nyngnINhvWtzN+Nb9D8RAQ==}
    engines: {node: '>=6.9.0'}

  '@esbuild/android-arm64@0.18.20':
    resolution: {integrity: sha512-Nz4rJcchGDtENV0eMKUNa6L12zz2zBDXuhj/Vjh18zGqB44Bi7MBMSXjgunJgjRhCmKOjnPuZp4Mb6OKqtMHLQ==}
    engines: {node: '>=12'}
    cpu: [arm64]
    os: [android]

  '@esbuild/android-arm@0.18.20':
    resolution: {integrity: sha512-fyi7TDI/ijKKNZTUJAQqiG5T7YjJXgnzkURqmGj13C6dCqckZBLdl4h7bkhHt/t0WP+zO9/zwroDvANaOqO5Sw==}
    engines: {node: '>=12'}
    cpu: [arm]
    os: [android]

  '@esbuild/android-x64@0.18.20':
    resolution: {integrity: sha512-8GDdlePJA8D6zlZYJV/jnrRAi6rOiNaCC/JclcXpB+KIuvfBN4owLtgzY2bsxnx666XjJx2kDPUmnTtR8qKQUg==}
    engines: {node: '>=12'}
    cpu: [x64]
    os: [android]

  '@esbuild/darwin-arm64@0.18.20':
    resolution: {integrity: sha512-bxRHW5kHU38zS2lPTPOyuyTm+S+eobPUnTNkdJEfAddYgEcll4xkT8DB9d2008DtTbl7uJag2HuE5NZAZgnNEA==}
    engines: {node: '>=12'}
    cpu: [arm64]
    os: [darwin]

  '@esbuild/darwin-x64@0.18.20':
    resolution: {integrity: sha512-pc5gxlMDxzm513qPGbCbDukOdsGtKhfxD1zJKXjCCcU7ju50O7MeAZ8c4krSJcOIJGFR+qx21yMMVYwiQvyTyQ==}
    engines: {node: '>=12'}
    cpu: [x64]
    os: [darwin]

  '@esbuild/freebsd-arm64@0.18.20':
    resolution: {integrity: sha512-yqDQHy4QHevpMAaxhhIwYPMv1NECwOvIpGCZkECn8w2WFHXjEwrBn3CeNIYsibZ/iZEUemj++M26W3cNR5h+Tw==}
    engines: {node: '>=12'}
    cpu: [arm64]
    os: [freebsd]

  '@esbuild/freebsd-x64@0.18.20':
    resolution: {integrity: sha512-tgWRPPuQsd3RmBZwarGVHZQvtzfEBOreNuxEMKFcd5DaDn2PbBxfwLcj4+aenoh7ctXcbXmOQIn8HI6mCSw5MQ==}
    engines: {node: '>=12'}
    cpu: [x64]
    os: [freebsd]

  '@esbuild/linux-arm64@0.18.20':
    resolution: {integrity: sha512-2YbscF+UL7SQAVIpnWvYwM+3LskyDmPhe31pE7/aoTMFKKzIc9lLbyGUpmmb8a8AixOL61sQ/mFh3jEjHYFvdA==}
    engines: {node: '>=12'}
    cpu: [arm64]
    os: [linux]

  '@esbuild/linux-arm@0.18.20':
    resolution: {integrity: sha512-/5bHkMWnq1EgKr1V+Ybz3s1hWXok7mDFUMQ4cG10AfW3wL02PSZi5kFpYKrptDsgb2WAJIvRcDm+qIvXf/apvg==}
    engines: {node: '>=12'}
    cpu: [arm]
    os: [linux]

  '@esbuild/linux-ia32@0.18.20':
    resolution: {integrity: sha512-P4etWwq6IsReT0E1KHU40bOnzMHoH73aXp96Fs8TIT6z9Hu8G6+0SHSw9i2isWrD2nbx2qo5yUqACgdfVGx7TA==}
    engines: {node: '>=12'}
    cpu: [ia32]
    os: [linux]

  '@esbuild/linux-loong64@0.18.20':
    resolution: {integrity: sha512-nXW8nqBTrOpDLPgPY9uV+/1DjxoQ7DoB2N8eocyq8I9XuqJ7BiAMDMf9n1xZM9TgW0J8zrquIb/A7s3BJv7rjg==}
    engines: {node: '>=12'}
    cpu: [loong64]
    os: [linux]

  '@esbuild/linux-mips64el@0.18.20':
    resolution: {integrity: sha512-d5NeaXZcHp8PzYy5VnXV3VSd2D328Zb+9dEq5HE6bw6+N86JVPExrA6O68OPwobntbNJ0pzCpUFZTo3w0GyetQ==}
    engines: {node: '>=12'}
    cpu: [mips64el]
    os: [linux]

  '@esbuild/linux-ppc64@0.18.20':
    resolution: {integrity: sha512-WHPyeScRNcmANnLQkq6AfyXRFr5D6N2sKgkFo2FqguP44Nw2eyDlbTdZwd9GYk98DZG9QItIiTlFLHJHjxP3FA==}
    engines: {node: '>=12'}
    cpu: [ppc64]
    os: [linux]

  '@esbuild/linux-riscv64@0.18.20':
    resolution: {integrity: sha512-WSxo6h5ecI5XH34KC7w5veNnKkju3zBRLEQNY7mv5mtBmrP/MjNBCAlsM2u5hDBlS3NGcTQpoBvRzqBcRtpq1A==}
    engines: {node: '>=12'}
    cpu: [riscv64]
    os: [linux]

  '@esbuild/linux-s390x@0.18.20':
    resolution: {integrity: sha512-+8231GMs3mAEth6Ja1iK0a1sQ3ohfcpzpRLH8uuc5/KVDFneH6jtAJLFGafpzpMRO6DzJ6AvXKze9LfFMrIHVQ==}
    engines: {node: '>=12'}
    cpu: [s390x]
    os: [linux]

  '@esbuild/linux-x64@0.18.20':
    resolution: {integrity: sha512-UYqiqemphJcNsFEskc73jQ7B9jgwjWrSayxawS6UVFZGWrAAtkzjxSqnoclCXxWtfwLdzU+vTpcNYhpn43uP1w==}
    engines: {node: '>=12'}
    cpu: [x64]
    os: [linux]

  '@esbuild/netbsd-x64@0.18.20':
    resolution: {integrity: sha512-iO1c++VP6xUBUmltHZoMtCUdPlnPGdBom6IrO4gyKPFFVBKioIImVooR5I83nTew5UOYrk3gIJhbZh8X44y06A==}
    engines: {node: '>=12'}
    cpu: [x64]
    os: [netbsd]

  '@esbuild/openbsd-x64@0.18.20':
    resolution: {integrity: sha512-e5e4YSsuQfX4cxcygw/UCPIEP6wbIL+se3sxPdCiMbFLBWu0eiZOJ7WoD+ptCLrmjZBK1Wk7I6D/I3NglUGOxg==}
    engines: {node: '>=12'}
    cpu: [x64]
    os: [openbsd]

  '@esbuild/sunos-x64@0.18.20':
    resolution: {integrity: sha512-kDbFRFp0YpTQVVrqUd5FTYmWo45zGaXe0X8E1G/LKFC0v8x0vWrhOWSLITcCn63lmZIxfOMXtCfti/RxN/0wnQ==}
    engines: {node: '>=12'}
    cpu: [x64]
    os: [sunos]

  '@esbuild/win32-arm64@0.18.20':
    resolution: {integrity: sha512-ddYFR6ItYgoaq4v4JmQQaAI5s7npztfV4Ag6NrhiaW0RrnOXqBkgwZLofVTlq1daVTQNhtI5oieTvkRPfZrePg==}
    engines: {node: '>=12'}
    cpu: [arm64]
    os: [win32]

  '@esbuild/win32-ia32@0.18.20':
    resolution: {integrity: sha512-Wv7QBi3ID/rROT08SABTS7eV4hX26sVduqDOTe1MvGMjNd3EjOz4b7zeexIR62GTIEKrfJXKL9LFxTYgkyeu7g==}
    engines: {node: '>=12'}
    cpu: [ia32]
    os: [win32]

  '@esbuild/win32-x64@0.18.20':
    resolution: {integrity: sha512-kTdfRcSiDfQca/y9QIkng02avJ+NCaQvrMejlsB3RRv5sE9rRoeBPISaZpKxHELzRxZyLvNts1P27W3wV+8geQ==}
    engines: {node: '>=12'}
    cpu: [x64]
    os: [win32]

  '@next/env@14.2.16':
    resolution: {integrity: sha512-fLrX5TfJzHCbnZ9YUSnGW63tMV3L4nSfhgOQ0iCcX21Pt+VSTDuaLsSuL8J/2XAiVA5AnzvXDpf6pMs60QxOag==}

  '@next/swc-darwin-arm64@14.2.16':
    resolution: {integrity: sha512-uFT34QojYkf0+nn6MEZ4gIWQ5aqGF11uIZ1HSxG+cSbj+Mg3+tYm8qXYd3dKN5jqKUm5rBVvf1PBRO/MeQ6rxw==}
    engines: {node: '>= 10'}
    cpu: [arm64]
    os: [darwin]

  '@next/swc-darwin-x64@14.2.16':
    resolution: {integrity: sha512-mCecsFkYezem0QiZlg2bau3Xul77VxUD38b/auAjohMA22G9KTJneUYMv78vWoCCFkleFAhY1NIvbyjj1ncG9g==}
    engines: {node: '>= 10'}
    cpu: [x64]
    os: [darwin]

  '@next/swc-linux-arm64-gnu@14.2.16':
    resolution: {integrity: sha512-yhkNA36+ECTC91KSyZcgWgKrYIyDnXZj8PqtJ+c2pMvj45xf7y/HrgI17hLdrcYamLfVt7pBaJUMxADtPaczHA==}
    engines: {node: '>= 10'}
    cpu: [arm64]
    os: [linux]

  '@next/swc-linux-arm64-musl@14.2.16':
    resolution: {integrity: sha512-X2YSyu5RMys8R2lA0yLMCOCtqFOoLxrq2YbazFvcPOE4i/isubYjkh+JCpRmqYfEuCVltvlo+oGfj/b5T2pKUA==}
    engines: {node: '>= 10'}
    cpu: [arm64]
    os: [linux]

  '@next/swc-linux-x64-gnu@14.2.16':
    resolution: {integrity: sha512-9AGcX7VAkGbc5zTSa+bjQ757tkjr6C/pKS7OK8cX7QEiK6MHIIezBLcQ7gQqbDW2k5yaqba2aDtaBeyyZh1i6Q==}
    engines: {node: '>= 10'}
    cpu: [x64]
    os: [linux]

  '@next/swc-linux-x64-musl@14.2.16':
    resolution: {integrity: sha512-Klgeagrdun4WWDaOizdbtIIm8khUDQJ/5cRzdpXHfkbY91LxBXeejL4kbZBrpR/nmgRrQvmz4l3OtttNVkz2Sg==}
    engines: {node: '>= 10'}
    cpu: [x64]
    os: [linux]

  '@next/swc-win32-arm64-msvc@14.2.16':
    resolution: {integrity: sha512-PwW8A1UC1Y0xIm83G3yFGPiOBftJK4zukTmk7DI1CebyMOoaVpd8aSy7K6GhobzhkjYvqS/QmzcfsWG2Dwizdg==}
    engines: {node: '>= 10'}
    cpu: [arm64]
    os: [win32]

  '@next/swc-win32-ia32-msvc@14.2.16':
    resolution: {integrity: sha512-jhPl3nN0oKEshJBNDAo0etGMzv0j3q3VYorTSFqH1o3rwv1MQRdor27u1zhkgsHPNeY1jxcgyx1ZsCkDD1IHgg==}
    engines: {node: '>= 10'}
    cpu: [ia32]
    os: [win32]

  '@next/swc-win32-x64-msvc@14.2.16':
    resolution: {integrity: sha512-OA7NtfxgirCjfqt+02BqxC3MIgM/JaGjw9tOe4fyZgPsqfseNiMPnCRP44Pfs+Gpo9zPN+SXaFsgP6vk8d571A==}
    engines: {node: '>= 10'}
    cpu: [x64]
    os: [win32]

  '@opentelemetry/api@1.9.0':
    resolution: {integrity: sha512-3giAOQvZiH5F9bMlMiv8+GSPMeqg0dbaeo58/0SlA9sxSqZhnUtxzX9/2FzyhS9sWQf5S0GJE0AKBrFqjpeYcg==}
    engines: {node: '>=8.0.0'}

  '@panva/hkdf@1.2.1':
    resolution: {integrity: sha512-6oclG6Y3PiDFcoyk8srjLfVKyMfVCKJ27JwNPViuXziFpmdz+MZnZN/aKY0JGXgYuO/VghU0jcOAZgWXZ1Dmrw==}

  '@prisma/client@5.14.0':
    resolution: {integrity: sha512-akMSuyvLKeoU4LeyBAUdThP/uhVP3GuLygFE3MlYzaCb3/J8SfsYBE5PkaFuLuVpLyA6sFoW+16z/aPhNAESqg==}
    engines: {node: '>=16.13'}
    peerDependencies:
      prisma: '*'
    peerDependenciesMeta:
      prisma:
        optional: true

  '@prisma/debug@5.14.0':
    resolution: {integrity: sha512-iq56qBZuFfX3fCxoxT8gBX33lQzomBU0qIUaEj1RebsKVz1ob/BVH1XSBwwwvRVtZEV1b7Fxx2eVu34Ge/mg3w==}

  '@prisma/engines-version@5.14.0-25.e9771e62de70f79a5e1c604a2d7c8e2a0a874b48':
    resolution: {integrity: sha512-ip6pNkRo1UxWv+6toxNcYvItNYaqQjXdFNGJ+Nuk2eYtRoEdoF13wxo7/jsClJFFenMPVNVqXQDV0oveXnR1cA==}

  '@prisma/engines@5.14.0':
    resolution: {integrity: sha512-lgxkKZ6IEygVcw6IZZUlPIfLQ9hjSYAtHjZ5r64sCLDgVzsPFCi2XBBJgzPMkOQ5RHzUD4E/dVdpn9+ez8tk1A==}

  '@prisma/fetch-engine@5.14.0':
    resolution: {integrity: sha512-VrheA9y9DMURK5vu8OJoOgQpxOhas3qF0IBHJ8G/0X44k82kc8E0w98HCn2nhnbOOMwbWsJWXfLC2/F8n5u0gQ==}

  '@prisma/get-platform@5.14.0':
    resolution: {integrity: sha512-/yAyBvcEjRv41ynZrhdrPtHgk47xLRRq/o5eWGcUpBJ1YrUZTYB8EoPiopnP7iQrMATK8stXQdPOoVlrzuTQZw==}

  '@radix-ui/react-compose-refs@1.0.1':
    resolution: {integrity: sha512-fDSBgd44FKHa1FRMU59qBMPFcl2PZE+2nmqunj+BWFyYYjnhIDWL2ItDs3rrbJDQOtzt5nIebLCQc4QRfz6LJw==}
    peerDependencies:
      '@types/react': '*'
      react: ^16.8 || ^17.0 || ^18.0
    peerDependenciesMeta:
      '@types/react':
        optional: true

  '@radix-ui/react-slot@1.0.2':
    resolution: {integrity: sha512-YeTpuq4deV+6DusvVUW4ivBgnkHwECUu0BiN43L5UCDFgdhsRUWAghhTF5MbvNTPzmiFOx90asDSUjWuCNapwg==}
    peerDependencies:
      '@types/react': '*'
      react: ^16.8 || ^17.0 || ^18.0
    peerDependenciesMeta:
      '@types/react':
        optional: true

  '@reduxjs/toolkit@2.9.0':
    resolution: {integrity: sha512-fSfQlSRu9Z5yBkvsNhYF2rPS8cGXn/TZVrlwN1948QyZ8xMZ0JvP50S2acZNaf+o63u6aEeMjipFyksjIcWrog==}
    peerDependencies:
      react: ^16.9.0 || ^17.0.0 || ^18 || ^19
      react-redux: ^7.2.1 || ^8.1.3 || ^9.0.0
    peerDependenciesMeta:
      react:
        optional: true
      react-redux:
        optional: true

  '@standard-schema/spec@1.0.0':
    resolution: {integrity: sha512-m2bOd0f2RT9k8QJx1JN85cZYyH1RqFBdlwtkSlf4tBDYLCiiZnv1fIIwacK6cqwXavOydf0NPToMQgpKq+dVlA==}

  '@standard-schema/utils@0.3.0':
    resolution: {integrity: sha512-e7Mew686owMaPJVNNLs55PUvgz371nKgwsc4vxE49zsODpJEnxgxRo2y/OKrqueavXgZNMDVj3DdHFlaSAeU8g==}

  '@swc/counter@0.1.3':
    resolution: {integrity: sha512-e2BR4lsJkkRlKZ/qCHPw9ZaSxc0MVUd7gtbtaB7aMvHeJVYe8sOB8DBZkP2DtISHGSku9sCK6T6cnY0CtXrOCQ==}

  '@swc/helpers@0.5.5':
    resolution: {integrity: sha512-KGYxvIOXcceOAbEk4bi/dVLEK9z8sZ0uBB3Il5b1rhfClSpcX0yfRO0KmTkqR2cnQDymwLB+25ZyMzICg/cm/A==}

  '@types/d3-array@3.2.2':
    resolution: {integrity: sha512-hOLWVbm7uRza0BYXpIIW5pxfrKe0W+D5lrFiAEYR+pb6w3N2SwSMaJbXdUfSEv+dT4MfHBLtn5js0LAWaO6otw==}

  '@types/d3-color@3.1.3':
    resolution: {integrity: sha512-iO90scth9WAbmgv7ogoq57O9YpKmFBbmoEoCHDB2xMBY0+/KVrqAaCDyCE16dUspeOvIxFFRI+0sEtqDqy2b4A==}

  '@types/d3-ease@3.0.2':
    resolution: {integrity: sha512-NcV1JjO5oDzoK26oMzbILE6HW7uVXOHLQvHshBUW4UMdZGfiY6v5BeQwh9a9tCzv+CeefZQHJt5SRgK154RtiA==}

  '@types/d3-interpolate@3.0.4':
    resolution: {integrity: sha512-mgLPETlrpVV1YRJIglr4Ez47g7Yxjl1lj7YKsiMCb27VJH9W8NVM6Bb9d8kkpG/uAQS5AmbA48q2IAolKKo1MA==}

  '@types/d3-path@3.1.1':
    resolution: {integrity: sha512-VMZBYyQvbGmWyWVea0EHs/BwLgxc+MKi1zLDCONksozI4YJMcTt8ZEuIR4Sb1MMTE8MMW49v0IwI5+b7RmfWlg==}

  '@types/d3-scale@4.0.9':
    resolution: {integrity: sha512-dLmtwB8zkAeO/juAMfnV+sItKjlsw2lKdZVVy6LRr0cBmegxSABiLEpGVmSJJ8O08i4+sGR6qQtb6WtuwJdvVw==}

  '@types/d3-shape@3.1.7':
    resolution: {integrity: sha512-VLvUQ33C+3J+8p+Daf+nYSOsjB4GXp19/S/aGo60m9h1v6XaxjiT82lKVWJCfzhtuZ3yD7i/TPeC/fuKLLOSmg==}

  '@types/d3-time@3.0.4':
    resolution: {integrity: sha512-yuzZug1nkAAaBlBBikKZTgzCeA+k1uy4ZFwWANOfKw5z5LRhV0gNA7gNkKm7HoK+HRN0wX3EkxGk0fpbWhmB7g==}

  '@types/d3-timer@3.0.2':
    resolution: {integrity: sha512-Ps3T8E8dZDam6fUyNiMkekK3XUsaUEik+idO9/YjPtfj2qruF8tFBXS7XhtE4iIXBLxhmLjP3SXpLhVf21I9Lw==}

  '@types/node@22.0.0':
    resolution: {integrity: sha512-VT7KSYudcPOzP5Q0wfbowyNLaVR8QWUdw+088uFWwfvpY6uCWaXpqV6ieLAu9WBcnTa7H4Z5RLK8I5t2FuOcqw==}

  '@types/prop-types@15.7.15':
    resolution: {integrity: sha512-F6bEyamV9jKGAFBEmlQnesRPGOQqS2+Uwi0Em15xenOxHaf2hv6L8YCVn3rPdPJOiJfPiCnLIRyvwVaqMY3MIw==}

  '@types/react-dom@18.0.0':
    resolution: {integrity: sha512-49897Y0UiCGmxZqpC8Blrf6meL8QUla6eb+BBhn69dTXlmuOlzkfr7HHY/O8J25e1lTUMs+YYxSlVDAaGHCOLg==}

  '@types/react@18.0.0':
    resolution: {integrity: sha512-7+K7zEQYu7NzOwQGLR91KwWXXDzmTFODRVizJyIALf6RfLv2GDpqpknX64pvRVILXCpXi7O/pua8NGk44dLvJw==}

  '@types/scheduler@0.26.0':
    resolution: {integrity: sha512-WFHp9YUJQ6CKshqoC37iOlHnQSmxNc795UhB26CyBBttrN9svdIrUjl/NjnNmfcwtncN0h/0PPAFWv9ovP8mLA==}

  '@types/use-sync-external-store@0.0.6':
    resolution: {integrity: sha512-zFDAD+tlpf2r4asuHEj0XH6pY6i0g5NeAHPn+15wk3BV6JA69eERFXC1gyGThDkVa1zCyKr5jox1+2LbV/AMLg==}

  ai@5.0.47:
    resolution: {integrity: sha512-/DKfU9tTsQVcUYSDCTu1L7jmvEgzUWOr1xf5UHwwDbRf/HED8LDb60QlWYs6f4BkZsVoLvpliCSjliXiRZywFQ==}
    engines: {node: '>=18'}
    peerDependencies:
      zod: ^3.25.76 || ^4

  busboy@1.6.0:
    resolution: {integrity: sha512-8SFQbg/0hQ9xy3UNTB0YEnsNBbWfhf7RtnzpL7TkBiTBRfrQ9Fxcnz7VJsleJpyp6rVLvXiuORqjlHi5q+PYuA==}
    engines: {node: '>=10.16.0'}

  caniuse-lite@1.0.30001743:
    resolution: {integrity: sha512-e6Ojr7RV14Un7dz6ASD0aZDmQPT/A+eZU+nuTNfjqmRrmkmQlnTNWH0SKmqagx9PeW87UVqapSurtAXifmtdmw==}

  class-variance-authority@0.7.1:
    resolution: {integrity: sha512-Ka+9Trutv7G8M6WT6SeiRWz792K5qEqIGEGzXKhAE6xOWAY6pPH8U+9IY3oCMv6kqTmLsv7Xh/2w2RigkePMsg==}

  client-only@0.0.1:
    resolution: {integrity: sha512-IV3Ou0jSMzZrd3pZ48nLkT9DA7Ag1pnPzaiQhpW7c3RbcqqzvzzVu+L8gfqMp/8IM2MQtSiqaCxrrcfu8I8rMA==}

  clsx@2.1.1:
    resolution: {integrity: sha512-eYm0QWBtUrBWZWG0d386OGAw16Z995PiOVo2B7bjWSbHedGl5e0ZWaq65kOGgUSNesEIDkB9ISbTg/JK9dhCZA==}
    engines: {node: '>=6'}

  cookie@0.7.2:
    resolution: {integrity: sha512-yki5XnKuf750l50uGTllt6kKILY4nQ1eNIQatoXEByZ5dWgnKqbnqmTrBE5B4N7lrMJKQ2ytWMiTO2o0v6Ew/w==}
    engines: {node: '>= 0.6'}

  csstype@3.1.3:
    resolution: {integrity: sha512-M1uQkMl8rQK/szD0LNhtqxIPLpimGm8sOBwU7lLnCpSbTyY3yeU1Vc7l4KT5zT4s/yOxHH5O7tIuuLOCnLADRw==}

  d3-array@3.2.4:
    resolution: {integrity: sha512-tdQAmyA18i4J7wprpYq8ClcxZy3SC31QMeByyCFyRt7BVHdREQZ5lpzoe5mFEYZUWe+oq8HBvk9JjpibyEV4Jg==}
    engines: {node: '>=12'}

  d3-color@3.1.0:
    resolution: {integrity: sha512-zg/chbXyeBtMQ1LbD/WSoW2DpC3I0mpmPdW+ynRTj/x2DAWYrIY7qeZIHidozwV24m4iavr15lNwIwLxRmOxhA==}
    engines: {node: '>=12'}

  d3-ease@3.0.1:
    resolution: {integrity: sha512-wR/XK3D3XcLIZwpbvQwQ5fK+8Ykds1ip7A2Txe0yxncXSdq1L9skcG7blcedkOX+ZcgxGAmLX1FrRGbADwzi0w==}
    engines: {node: '>=12'}

  d3-format@3.1.0:
    resolution: {integrity: sha512-YyUI6AEuY/Wpt8KWLgZHsIU86atmikuoOmCfommt0LYHiQSPjvX2AcFc38PX0CBpr2RCyZhjex+NS/LPOv6YqA==}
    engines: {node: '>=12'}

  d3-interpolate@3.0.1:
    resolution: {integrity: sha512-3bYs1rOD33uo8aqJfKP3JWPAibgw8Zm2+L9vBKEHJ2Rg+viTR7o5Mmv5mZcieN+FRYaAOWX5SJATX6k1PWz72g==}
    engines: {node: '>=12'}

  d3-path@3.1.0:
    resolution: {integrity: sha512-p3KP5HCf/bvjBSSKuXid6Zqijx7wIfNW+J/maPs+iwR35at5JCbLUT0LzF1cnjbCHWhqzQTIN2Jpe8pRebIEFQ==}
    engines: {node: '>=12'}

  d3-scale@4.0.2:
    resolution: {integrity: sha512-GZW464g1SH7ag3Y7hXjf8RoUuAFIqklOAq3MRl4OaWabTFJY9PN/E1YklhXLh+OQ3fM9yS2nOkCoS+WLZ6kvxQ==}
    engines: {node: '>=12'}

  d3-shape@3.2.0:
    resolution: {integrity: sha512-SaLBuwGm3MOViRq2ABk3eLoxwZELpH6zhl3FbAoJ7Vm1gofKx6El1Ib5z23NUEhF9AsGl7y+dzLe5Cw2AArGTA==}
    engines: {node: '>=12'}

  d3-time-format@4.1.0:
    resolution: {integrity: sha512-dJxPBlzC7NugB2PDLwo9Q8JiTR3M3e4/XANkreKSUxF8vvXKqm1Yfq4Q5dl8budlunRVlUUaDUgFt7eA8D6NLg==}
    engines: {node: '>=12'}

  d3-time@3.1.0:
    resolution: {integrity: sha512-VqKjzBLejbSMT4IgbmVgDjpkYrNWUYJnbCGo874u7MMKIWsILRX+OpX/gTk8MqjpT1A/c6HY2dCA77ZN0lkQ2Q==}
    engines: {node: '>=12'}

  d3-timer@3.0.1:
    resolution: {integrity: sha512-ndfJ/JxxMd3nw31uyKoY2naivF+r29V+Lc0svZxe1JvvIRmi8hUsrMvdOwgS1o6uBHmiz91geQ0ylPP0aj1VUA==}
    engines: {node: '>=12'}

  date-fns@4.1.0:
    resolution: {integrity: sha512-Ukq0owbQXxa/U3EGtsdVBkR1w7KOQ5gIBqdH2hkvknzZPYvBxb/aa6E8L7tmjFtkwZBu3UXBbjIgPo/Ez4xaNg==}

  decimal.js-light@2.5.1:
    resolution: {integrity: sha512-qIMFpTMZmny+MMIitAB6D7iVPEorVw6YQRWkvarTkT4tBeSLLiHzcwj6q0MmYSFCiVpiqPJTJEYIrpcPzVEIvg==}

  es-toolkit@1.39.10:
    resolution: {integrity: sha512-E0iGnTtbDhkeczB0T+mxmoVlT4YNweEKBLq7oaU4p11mecdsZpNWOglI4895Vh4usbQ+LsJiuLuI2L0Vdmfm2w==}

  esbuild@0.18.20:
    resolution: {integrity: sha512-ceqxoedUrcayh7Y7ZX6NdbbDzGROiyVBgC4PriJThBKSVPWnnFHZAkfI1lJT8QFkOwH4qOS2SJkS4wvpGl8BpA==}
    engines: {node: '>=12'}
    hasBin: true

  eventemitter3@5.0.1:
    resolution: {integrity: sha512-GWkBvjiSZK87ELrYOSESUYeVIc9mvLLf/nXalMOS5dYrgZq9o5OVkbZAVM06CVxYsCwH9BDZFPlQTlPA1j4ahA==}

  eventsource-parser@3.0.6:
    resolution: {integrity: sha512-Vo1ab+QXPzZ4tCa8SwIHJFaSzy4R6SHf7BY79rFBDf0idraZWAkYrDjDj8uWaSm3S2TK+hJ7/t1CEmZ7jXw+pg==}
    engines: {node: '>=18.0.0'}

  fsevents@2.3.3:
    resolution: {integrity: sha512-5xoDfX+fL7faATnagmWPpbFtwh/R77WmMMqqHGS65C3vvB0YHrgF+B1YmZ3441tMj5n63k0212XNoJwzlhffQw==}
    engines: {node: ^8.16.0 || ^10.6.0 || >=11.0.0}
    os: [darwin]

  geist@1.5.1:
    resolution: {integrity: sha512-mAHZxIsL2o3ZITFaBVFBnwyDOw+zNLYum6A6nIjpzCGIO8QtC3V76XF2RnZTyLx1wlDTmMDy8jg3Ib52MIjGvQ==}
    peerDependencies:
      next: '>=13.2.0'

  get-tsconfig@4.10.1:
    resolution: {integrity: sha512-auHyJ4AgMz7vgS8Hp3N6HXSmlMdUyhSUrfBF16w153rxtLIEOE+HGqaBppczZvnHLqQJfiHotCYpNhl0lUROFQ==}

  graceful-fs@4.2.11:
    resolution: {integrity: sha512-RbJ5/jmFcNNCcDV5o9eTnBLJ/HszWV0P73bc+Ff4nS/rJj+YaS6IGyiOL0VoBYX+l1Wrl3k63h/KrH+nhJ0XvQ==}

  immer@10.1.3:
    resolution: {integrity: sha512-tmjF/k8QDKydUlm3mZU+tjM6zeq9/fFpPqH9SzWmBnVVKsPBg/V66qsMwb3/Bo90cgUN+ghdVBess+hPsxUyRw==}

  internmap@2.0.3:
    resolution: {integrity: sha512-5Hh7Y1wQbvY5ooGgPbDaL5iYLAPzMTUrjMulskHLH6wnv/A+1q5rgEaiuqEjB+oxGXIVZs1FF+R/KPN3ZSQYYg==}
    engines: {node: '>=12'}

  jose@4.15.9:
    resolution: {integrity: sha512-1vUQX+IdDMVPj4k8kOxgUqlcK518yluMuGZwqlr44FS1ppZB/5GWh4rZG89erpOBOJjU/OBsnCVFfapsRz6nEA==}

  js-tokens@4.0.0:
    resolution: {integrity: sha512-RdJUflcE3cUzKiMqQgsCu06FPu9UdIJO0beYbPhHN4k6apgJtifcoCtT9bcxOpYBtpD2kCM6Sbzg4CausW/PKQ==}

  json-schema@0.4.0:
    resolution: {integrity: sha512-es94M3nTIfsEPisRafak+HDLfHXnKBhV3vU5eqPcS3flIWqcxJWgXHXiey3YrpaNsanY5ei1VoYEbOzijuq9BA==}

  loose-envify@1.4.0:
    resolution: {integrity: sha512-lyuxPGr/Wfhrlem2CL/UcnUc1zcqKAImBDzukY7Y5F/yQiNdko6+fRLevlw1HgMySw7f611UIY408EtxRSoK3Q==}
    hasBin: true

  lru-cache@6.0.0:
    resolution: {integrity: sha512-Jo6dJ04CmSjuznwJSS3pUeWmd/H0ffTlkXXgwZi+eq1UCmqQwCh+eLsYOYCwY991i2Fah4h1BEMCx4qThGbsiA==}
    engines: {node: '>=10'}

  lucide-react@0.454.0:
    resolution: {integrity: sha512-hw7zMDwykCLnEzgncEEjHeA6+45aeEzRYuKHuyRSOPkhko+J3ySGjGIzu+mmMfDFG1vazHepMaYFYHbTFAZAAQ==}
    peerDependencies:
      react: ^16.5.1 || ^17.0.0 || ^18.0.0 || ^19.0.0-rc

  nanoid@3.3.11:
    resolution: {integrity: sha512-N8SpfPUnUp1bK+PMYW8qSWdl9U+wwNWI4QKxOYDy9JAro3WMX7p2OeVRF9v+347pnakNevPmiHhNmZ2HbFA76w==}
    engines: {node: ^10 || ^12 || ^13.7 || ^14 || >=15.0.1}
    hasBin: true

  next-auth@4.24.11:
    resolution: {integrity: sha512-pCFXzIDQX7xmHFs4KVH4luCjaCbuPRtZ9oBUjUhOk84mZ9WVPf94n87TxYI4rSRf9HmfHEF8Yep3JrYDVOo3Cw==}
    peerDependencies:
      '@auth/core': 0.34.2
      next: ^12.2.5 || ^13 || ^14 || ^15
      nodemailer: ^6.6.5
      react: ^17.0.2 || ^18 || ^19
      react-dom: ^17.0.2 || ^18 || ^19
    peerDependenciesMeta:
      '@auth/core':
        optional: true
      nodemailer:
        optional: true

  next-themes@0.4.6:
    resolution: {integrity: sha512-pZvgD5L0IEvX5/9GWyHMf3m8BKiVQwsCMHfoFosXtXBMnaS0ZnIJ9ST4b4NqLVKDEm8QBxoNNGNaBv2JNF6XNA==}
    peerDependencies:
      react: ^16.8 || ^17 || ^18 || ^19 || ^19.0.0-rc
      react-dom: ^16.8 || ^17 || ^18 || ^19 || ^19.0.0-rc

  next@14.2.16:
    resolution: {integrity: sha512-LcO7WnFu6lYSvCzZoo1dB+IO0xXz5uEv52HF1IUN0IqVTUIZGHuuR10I5efiLadGt+4oZqTcNZyVVEem/TM5nA==}
    engines: {node: '>=18.17.0'}
    hasBin: true
    peerDependencies:
      '@opentelemetry/api': ^1.1.0
      '@playwright/test': ^1.41.2
      react: ^18.2.0
      react-dom: ^18.2.0
      sass: ^1.3.0
    peerDependenciesMeta:
      '@opentelemetry/api':
        optional: true
      '@playwright/test':
        optional: true
      sass:
        optional: true

  oauth@0.9.15:
    resolution: {integrity: sha512-a5ERWK1kh38ExDEfoO6qUHJb32rd7aYmPHuyCu3Fta/cnICvYmgd2uhuKXvPD+PXB+gCEYYEaQdIRAjCOwAKNA==}

  object-hash@2.2.0:
    resolution: {integrity: sha512-gScRMn0bS5fH+IuwyIFgnh9zBdo4DV+6GhygmWM9HyNJSgS0hScp1f5vjtm7oIIOiT9trXrShAkLFSc2IqKNgw==}
    engines: {node: '>= 6'}

  oidc-token-hash@5.1.1:
    resolution: {integrity: sha512-D7EmwxJV6DsEB6vOFLrBM2OzsVgQzgPWyHlV2OOAVj772n+WTXpudC9e9u5BVKQnYwaD30Ivhi9b+4UeBcGu9g==}
    engines: {node: ^10.13.0 || >=12.0.0}

  openid-client@5.7.1:
    resolution: {integrity: sha512-jDBPgSVfTnkIh71Hg9pRvtJc6wTwqjRkN88+gCFtYWrlP4Yx2Dsrow8uPi3qLr/aeymPF3o2+dS+wOpglK04ew==}

  picocolors@1.1.1:
    resolution: {integrity: sha512-xceH2snhtb5M9liqDsmEw56le376mTZkEX/jEb/RxNFyegNul7eNslCXP9FDj/Lcu0X8KEyMceP2ntpaHrDEVA==}

  postcss@8.4.31:
    resolution: {integrity: sha512-PS08Iboia9mts/2ygV3eLpY5ghnUcfLV/EXTOW1E2qYxJKGGBUtNjN76FYHnMs36RmARn41bC0AZmn+rR0OVpQ==}
    engines: {node: ^10 || ^12 || >=14}

  postcss@8.5.0:
    resolution: {integrity: sha512-27VKOqrYfPncKA2NrFOVhP5MGAfHKLYn/Q0mz9cNQyRAKYi3VNHwYU2qKKqPCqgBmeeJ0uAFB56NumXZ5ZReXg==}
    engines: {node: ^10 || ^12 || >=14}

  preact-render-to-string@5.2.6:
    resolution: {integrity: sha512-JyhErpYOvBV1hEPwIxc/fHWXPfnEGdRKxc8gFdAZ7XV4tlzyzG847XAyEZqoDnynP88akM4eaHcSOzNcLWFguw==}
    peerDependencies:
      preact: '>=10'

  preact@10.27.2:
    resolution: {integrity: sha512-5SYSgFKSyhCbk6SrXyMpqjb5+MQBgfvEKE/OC+PujcY34sOpqtr+0AZQtPYx5IA6VxynQ7rUPCtKzyovpj9Bpg==}

  pretty-format@3.8.0:
    resolution: {integrity: sha512-WuxUnVtlWL1OfZFQFuqvnvs6MiAGk9UNsBostyBOB0Is9wb5uRESevA6rnl/rkksXaGX3GzZhPup5d6Vp1nFew==}

  prisma@5.14.0:
    resolution: {integrity: sha512-gCNZco7y5XtjrnQYeDJTiVZmT/ncqCr5RY1/Cf8X2wgLRmyh9ayPAGBNziI4qEE4S6SxCH5omQLVo9lmURaJ/Q==}
    engines: {node: '>=16.13'}
    hasBin: true

  react-dom@18.0.0:
    resolution: {integrity: sha512-XqX7uzmFo0pUceWFCt7Gff6IyIMzFUn7QMZrbrQfGxtaxXZIcGQzoNpRLE3fQLnS4XzLLPMZX2T9TRcSrasicw==}
    peerDependencies:
      react: ^18.0.0

  react-is@19.1.1:
    resolution: {integrity: sha512-tr41fA15Vn8p4X9ntI+yCyeGSf1TlYaY5vlTZfQmeLBrFo3psOPX6HhTDnFNL9uj3EhP0KAQ80cugCl4b4BERA==}

  react-redux@9.2.0:
    resolution: {integrity: sha512-ROY9fvHhwOD9ySfrF0wmvu//bKCQ6AeZZq1nJNtbDC+kk5DuSuNX/n6YWYF/SYy7bSba4D4FSz8DJeKY/S/r+g==}
    peerDependencies:
      '@types/react': ^18.2.25 || ^19
      react: ^18.0 || ^19
      redux: ^5.0.0
    peerDependenciesMeta:
      '@types/react':
        optional: true
      redux:
        optional: true

  react@18.0.0:
    resolution: {integrity: sha512-x+VL6wbT4JRVPm7EGxXhZ8w8LTROaxPXOqhlGyVSrv0sB1jkyFGgXxJ8LVoPRLvPR6/CIZGFmfzqUa2NYeMr2A==}
    engines: {node: '>=0.10.0'}

  recharts@3.2.1:
    resolution: {integrity: sha512-0JKwHRiFZdmLq/6nmilxEZl3pqb4T+aKkOkOi/ZISRZwfBhVMgInxzlYU9D4KnCH3KINScLy68m/OvMXoYGZUw==}
    engines: {node: '>=18'}
    peerDependencies:
      react: ^16.8.0 || ^17.0.0 || ^18.0.0 || ^19.0.0
      react-dom: ^16.0.0 || ^17.0.0 || ^18.0.0 || ^19.0.0
      react-is: ^16.8.0 || ^17.0.0 || ^18.0.0 || ^19.0.0

  redux-thunk@3.1.0:
    resolution: {integrity: sha512-NW2r5T6ksUKXCabzhL9z+h206HQw/NJkcLm1GPImRQ8IzfXwRGqjVhKJGauHirT0DAuyy6hjdnMZaRoAcy0Klw==}
    peerDependencies:
      redux: ^5.0.0

  redux@5.0.1:
    resolution: {integrity: sha512-M9/ELqF6fy8FwmkpnF0S3YKOqMyoWJ4+CS5Efg2ct3oY9daQvd/Pc71FpGZsVsbl3Cpb+IIcjBDUnnyBdQbq4w==}

  reselect@5.1.1:
    resolution: {integrity: sha512-K/BG6eIky/SBpzfHZv/dd+9JBFiS4SWV7FIujVyJRux6e45+73RaUHXLmIR1f7WOMaQ0U1km6qwklRQxpJJY0w==}

  resolve-pkg-maps@1.0.0:
    resolution: {integrity: sha512-seS2Tj26TBVOC2NIc2rOe2y2ZO7efxITtLZcGSOnHHNOQ7CkiUBfw0Iw2ck6xkIhPwLhKNLS8BO+hEpngQlqzw==}

  scheduler@0.21.0:
    resolution: {integrity: sha512-1r87x5fz9MXqswA2ERLo0EbOAU74DpIUO090gIasYTqlVoJeMcl+Z1Rg7WHz+qtPujhS/hGIt9kxZOYBV3faRQ==}

  source-map-js@1.2.1:
    resolution: {integrity: sha512-UXWMKhLOwVKb728IUtQPXxfYU+usdybtUrK/8uGE8CQMvrhOpwvzDBwj0QhSL7MQc7vIsISBG8VQ8+IDQxpfQA==}
    engines: {node: '>=0.10.0'}

  streamsearch@1.1.0:
    resolution: {integrity: sha512-Mcc5wHehp9aXz1ax6bZUyY5afg9u2rv5cqQI3mRrYkGC8rW2hM02jWuwjtL++LS5qinSyhj2QfLyNsuc+VsExg==}
    engines: {node: '>=10.0.0'}

  styled-jsx@5.1.1:
    resolution: {integrity: sha512-pW7uC1l4mBZ8ugbiZrcIsiIvVx1UmTfw7UkC3Um2tmfUq9Bhk8IiyEIPl6F8agHgjzku6j0xQEZbfA5uSgSaCw==}
    engines: {node: '>= 12.0.0'}
    peerDependencies:
      '@babel/core': '*'
      babel-plugin-macros: '*'
      react: '>= 16.8.0 || 17.x.x || ^18.0.0-0'
    peerDependenciesMeta:
      '@babel/core':
        optional: true
      babel-plugin-macros:
        optional: true

  tailwind-merge@2.5.5:
    resolution: {integrity: sha512-0LXunzzAZzo0tEPxV3I297ffKZPlKDrjj7NXphC8V5ak9yHC5zRmxnOe2m/Rd/7ivsOMJe3JZ2JVocoDdQTRBA==}

  tailwindcss-animate@1.0.7:
    resolution: {integrity: sha512-bl6mpH3T7I3UFxuvDEXLxy/VuFxBk5bbzplh7tXI68mwMokNYd1t9qPBHlnyTwfa4JGC4zP516I1hYYtQ/vspA==}
    peerDependencies:
      tailwindcss: '>=3.0.0 || insiders'

  tailwindcss@4.1.9:
    resolution: {integrity: sha512-anBZRcvfNMsQdHB9XSGzAtIQWlhs49uK75jfkwrqjRUbjt4d7q9RE1wR1xWyfYZhLFnFX4ahWp88Au2lcEw5IQ==}

  tiny-invariant@1.3.3:
    resolution: {integrity: sha512-+FbBPE1o9QAYvviau/qC5SE3caw21q3xkvWKBtja5vgqOWIHHJ3ioaq1VPfn/Szqctz2bU/oYeKd9/z5BL+PVg==}

  tslib@2.8.1:
    resolution: {integrity: sha512-oJFu94HQb+KVduSUQL7wnpmqnfmLsOA/nAh6b6EH0wCEoK0/mPeXU6c3wKDV83MkOuHPRHtSXKKU99IBazS/2w==}

  tsx@4.6.2:
    resolution: {integrity: sha512-QPpBdJo+ZDtqZgAnq86iY/PD2KYCUPSUGIunHdGwyII99GKH+f3z3FZ8XNFLSGQIA4I365ui8wnQpl8OKLqcsg==}
    engines: {node: '>=18.0.0'}
    hasBin: true

  typescript@5.0.2:
    resolution: {integrity: sha512-wVORMBGO/FAs/++blGNeAVdbNKtIh1rbBL2EyQ1+J9lClJ93KiiKe8PmFIVdXhHcyv44SL9oglmfeSsndo0jRw==}
    engines: {node: '>=12.20'}
    hasBin: true

  undici-types@6.11.1:
    resolution: {integrity: sha512-mIDEX2ek50x0OlRgxryxsenE5XaQD4on5U2inY7RApK3SOJpofyw7uW2AyfMKkhAxXIceo2DeWGVGwyvng1GNQ==}

  use-sync-external-store@1.5.0:
    resolution: {integrity: sha512-Rb46I4cGGVBmjamjphe8L/UnvJD+uPPtTkNvX5mZgqdbavhI4EbgIWJiIHXJ8bc/i9EQGPRh4DwEURJ552Do0A==}
    peerDependencies:
      react: ^16.8.0 || ^17.0.0 || ^18.0.0 || ^19.0.0

  uuid@8.3.2:
    resolution: {integrity: sha512-+NYs2QeMWy+GWFOEm9xnn6HCDp0l7QBD7ml8zLUmJ+93Q5NF0NocErnwkTkXVFNiX3/fpC6afS8Dhb/gz7R7eg==}
    hasBin: true

  victory-vendor@37.3.6:
    resolution: {integrity: sha512-SbPDPdDBYp+5MJHhBCAyI7wKM3d5ivekigc2Dk2s7pgbZ9wIgIBYGVw4zGHBml/qTFbexrofXW6Gu4noGxrOwQ==}

  yallist@4.0.0:
    resolution: {integrity: sha512-3wdGidZyq5PB084XLES5TpOSRA3wjXAlIWMhum2kRcv/41Sn2emQ0dycQW4uZXLejwKvg6EsvbdlVL+FYEct7A==}

  zod@4.1.9:
    resolution: {integrity: sha512-HI32jTq0AUAC125z30E8bQNz0RQ+9Uc+4J7V97gLYjZVKRjeydPgGt6dvQzFrav7MYOUGFqqOGiHpA/fdbd0cQ==}

snapshots:

  '@ai-sdk/gateway@1.0.24(zod@4.1.9)':
    dependencies:
      '@ai-sdk/provider': 2.0.0
      '@ai-sdk/provider-utils': 3.0.9(zod@4.1.9)
      zod: 4.1.9

  '@ai-sdk/groq@2.0.17(zod@4.1.9)':
    dependencies:
      '@ai-sdk/provider': 2.0.0
      '@ai-sdk/provider-utils': 3.0.8(zod@4.1.9)
      zod: 4.1.9

  '@ai-sdk/provider-utils@3.0.8(zod@4.1.9)':
    dependencies:
      '@ai-sdk/provider': 2.0.0
      '@standard-schema/spec': 1.0.0
      eventsource-parser: 3.0.6
      zod: 4.1.9

  '@ai-sdk/provider-utils@3.0.9(zod@4.1.9)':
    dependencies:
      '@ai-sdk/provider': 2.0.0
      '@standard-schema/spec': 1.0.0
      eventsource-parser: 3.0.6
      zod: 4.1.9

  '@ai-sdk/provider@2.0.0':
    dependencies:
      json-schema: 0.4.0

  '@babel/runtime@7.28.4': {}

  '@esbuild/android-arm64@0.18.20':
    optional: true

  '@esbuild/android-arm@0.18.20':
    optional: true

  '@esbuild/android-x64@0.18.20':
    optional: true

  '@esbuild/darwin-arm64@0.18.20':
    optional: true

  '@esbuild/darwin-x64@0.18.20':
    optional: true

  '@esbuild/freebsd-arm64@0.18.20':
    optional: true

  '@esbuild/freebsd-x64@0.18.20':
    optional: true

  '@esbuild/linux-arm64@0.18.20':
    optional: true

  '@esbuild/linux-arm@0.18.20':
    optional: true

  '@esbuild/linux-ia32@0.18.20':
    optional: true

  '@esbuild/linux-loong64@0.18.20':
    optional: true

  '@esbuild/linux-mips64el@0.18.20':
    optional: true

  '@esbuild/linux-ppc64@0.18.20':
    optional: true

  '@esbuild/linux-riscv64@0.18.20':
    optional: true

  '@esbuild/linux-s390x@0.18.20':
    optional: true

  '@esbuild/linux-x64@0.18.20':
    optional: true

  '@esbuild/netbsd-x64@0.18.20':
    optional: true

  '@esbuild/openbsd-x64@0.18.20':
    optional: true

  '@esbuild/sunos-x64@0.18.20':
    optional: true

  '@esbuild/win32-arm64@0.18.20':
    optional: true

  '@esbuild/win32-ia32@0.18.20':
    optional: true

  '@esbuild/win32-x64@0.18.20':
    optional: true

  '@next/env@14.2.16': {}

  '@next/swc-darwin-arm64@14.2.16':
    optional: true

  '@next/swc-darwin-x64@14.2.16':
    optional: true

  '@next/swc-linux-arm64-gnu@14.2.16':
    optional: true

  '@next/swc-linux-arm64-musl@14.2.16':
    optional: true

  '@next/swc-linux-x64-gnu@14.2.16':
    optional: true

  '@next/swc-linux-x64-musl@14.2.16':
    optional: true

  '@next/swc-win32-arm64-msvc@14.2.16':
    optional: true

  '@next/swc-win32-ia32-msvc@14.2.16':
    optional: true

  '@next/swc-win32-x64-msvc@14.2.16':
    optional: true

  '@opentelemetry/api@1.9.0': {}

  '@panva/hkdf@1.2.1': {}

  '@prisma/client@5.14.0(prisma@5.14.0)':
    optionalDependencies:
      prisma: 5.14.0

  '@prisma/debug@5.14.0': {}

  '@prisma/engines-version@5.14.0-25.e9771e62de70f79a5e1c604a2d7c8e2a0a874b48': {}

  '@prisma/engines@5.14.0':
    dependencies:
      '@prisma/debug': 5.14.0
      '@prisma/engines-version': 5.14.0-25.e9771e62de70f79a5e1c604a2d7c8e2a0a874b48
      '@prisma/fetch-engine': 5.14.0
      '@prisma/get-platform': 5.14.0

  '@prisma/fetch-engine@5.14.0':
    dependencies:
      '@prisma/debug': 5.14.0
      '@prisma/engines-version': 5.14.0-25.e9771e62de70f79a5e1c604a2d7c8e2a0a874b48
      '@prisma/get-platform': 5.14.0

  '@prisma/get-platform@5.14.0':
    dependencies:
      '@prisma/debug': 5.14.0

  '@radix-ui/react-compose-refs@1.0.1(@types/react@18.0.0)(react@18.0.0)':
    dependencies:
      '@babel/runtime': 7.28.4
      react: 18.0.0
    optionalDependencies:
      '@types/react': 18.0.0

  '@radix-ui/react-slot@1.0.2(@types/react@18.0.0)(react@18.0.0)':
    dependencies:
      '@babel/runtime': 7.28.4
      '@radix-ui/react-compose-refs': 1.0.1(@types/react@18.0.0)(react@18.0.0)
      react: 18.0.0
    optionalDependencies:
      '@types/react': 18.0.0

  '@reduxjs/toolkit@2.9.0(react-redux@9.2.0(@types/react@18.0.0)(react@18.0.0)(redux@5.0.1))(react@18.0.0)':
    dependencies:
      '@standard-schema/spec': 1.0.0
      '@standard-schema/utils': 0.3.0
      immer: 10.1.3
      redux: 5.0.1
      redux-thunk: 3.1.0(redux@5.0.1)
      reselect: 5.1.1
    optionalDependencies:
      react: 18.0.0
      react-redux: 9.2.0(@types/react@18.0.0)(react@18.0.0)(redux@5.0.1)

  '@standard-schema/spec@1.0.0': {}

  '@standard-schema/utils@0.3.0': {}

  '@swc/counter@0.1.3': {}

  '@swc/helpers@0.5.5':
    dependencies:
      '@swc/counter': 0.1.3
      tslib: 2.8.1

  '@types/d3-array@3.2.2': {}

  '@types/d3-color@3.1.3': {}

  '@types/d3-ease@3.0.2': {}

  '@types/d3-interpolate@3.0.4':
    dependencies:
      '@types/d3-color': 3.1.3

  '@types/d3-path@3.1.1': {}

  '@types/d3-scale@4.0.9':
    dependencies:
      '@types/d3-time': 3.0.4

  '@types/d3-shape@3.1.7':
    dependencies:
      '@types/d3-path': 3.1.1

  '@types/d3-time@3.0.4': {}

  '@types/d3-timer@3.0.2': {}

  '@types/node@22.0.0':
    dependencies:
      undici-types: 6.11.1

  '@types/prop-types@15.7.15': {}

  '@types/react-dom@18.0.0':
    dependencies:
      '@types/react': 18.0.0

  '@types/react@18.0.0':
    dependencies:
      '@types/prop-types': 15.7.15
      '@types/scheduler': 0.26.0
      csstype: 3.1.3

  '@types/scheduler@0.26.0': {}

  '@types/use-sync-external-store@0.0.6': {}

  ai@5.0.47(zod@4.1.9):
    dependencies:
      '@ai-sdk/gateway': 1.0.24(zod@4.1.9)
      '@ai-sdk/provider': 2.0.0
      '@ai-sdk/provider-utils': 3.0.9(zod@4.1.9)
      '@opentelemetry/api': 1.9.0
      zod: 4.1.9

  busboy@1.6.0:
    dependencies:
      streamsearch: 1.1.0

  caniuse-lite@1.0.30001743: {}

  class-variance-authority@0.7.1:
    dependencies:
      clsx: 2.1.1

  client-only@0.0.1: {}

  clsx@2.1.1: {}

  cookie@0.7.2: {}

  csstype@3.1.3: {}

  d3-array@3.2.4:
    dependencies:
      internmap: 2.0.3

  d3-color@3.1.0: {}

  d3-ease@3.0.1: {}

  d3-format@3.1.0: {}

  d3-interpolate@3.0.1:
    dependencies:
      d3-color: 3.1.0

  d3-path@3.1.0: {}

  d3-scale@4.0.2:
    dependencies:
      d3-array: 3.2.4
      d3-format: 3.1.0
      d3-interpolate: 3.0.1
      d3-time: 3.1.0
      d3-time-format: 4.1.0

  d3-shape@3.2.0:
    dependencies:
      d3-path: 3.1.0

  d3-time-format@4.1.0:
    dependencies:
      d3-time: 3.1.0

  d3-time@3.1.0:
    dependencies:
      d3-array: 3.2.4

  d3-timer@3.0.1: {}

  date-fns@4.1.0: {}

  decimal.js-light@2.5.1: {}

  es-toolkit@1.39.10: {}

  esbuild@0.18.20:
    optionalDependencies:
      '@esbuild/android-arm': 0.18.20
      '@esbuild/android-arm64': 0.18.20
      '@esbuild/android-x64': 0.18.20
      '@esbuild/darwin-arm64': 0.18.20
      '@esbuild/darwin-x64': 0.18.20
      '@esbuild/freebsd-arm64': 0.18.20
      '@esbuild/freebsd-x64': 0.18.20
      '@esbuild/linux-arm': 0.18.20
      '@esbuild/linux-arm64': 0.18.20
      '@esbuild/linux-ia32': 0.18.20
      '@esbuild/linux-loong64': 0.18.20
      '@esbuild/linux-mips64el': 0.18.20
      '@esbuild/linux-ppc64': 0.18.20
      '@esbuild/linux-riscv64': 0.18.20
      '@esbuild/linux-s390x': 0.18.20
      '@esbuild/linux-x64': 0.18.20
      '@esbuild/netbsd-x64': 0.18.20
      '@esbuild/openbsd-x64': 0.18.20
      '@esbuild/sunos-x64': 0.18.20
      '@esbuild/win32-arm64': 0.18.20
      '@esbuild/win32-ia32': 0.18.20
      '@esbuild/win32-x64': 0.18.20

  eventemitter3@5.0.1: {}

  eventsource-parser@3.0.6: {}

  fsevents@2.3.3:
    optional: true

  geist@1.5.1(next@14.2.16(@opentelemetry/api@1.9.0)(react-dom@18.0.0(react@18.0.0))(react@18.0.0)):
    dependencies:
      next: 14.2.16(@opentelemetry/api@1.9.0)(react-dom@18.0.0(react@18.0.0))(react@18.0.0)

  get-tsconfig@4.10.1:
    dependencies:
      resolve-pkg-maps: 1.0.0

  graceful-fs@4.2.11: {}

  immer@10.1.3: {}

  internmap@2.0.3: {}

  jose@4.15.9: {}

  js-tokens@4.0.0: {}

  json-schema@0.4.0: {}

  loose-envify@1.4.0:
    dependencies:
      js-tokens: 4.0.0

  lru-cache@6.0.0:
    dependencies:
      yallist: 4.0.0

  lucide-react@0.454.0(react@18.0.0):
    dependencies:
      react: 18.0.0

  nanoid@3.3.11: {}

  next-auth@4.24.11(next@14.2.16(@opentelemetry/api@1.9.0)(react-dom@18.0.0(react@18.0.0))(react@18.0.0))(react-dom@18.0.0(react@18.0.0))(react@18.0.0):
    dependencies:
      '@babel/runtime': 7.28.4
      '@panva/hkdf': 1.2.1
      cookie: 0.7.2
      jose: 4.15.9
      next: 14.2.16(@opentelemetry/api@1.9.0)(react-dom@18.0.0(react@18.0.0))(react@18.0.0)
      oauth: 0.9.15
      openid-client: 5.7.1
      preact: 10.27.2
      preact-render-to-string: 5.2.6(preact@10.27.2)
      react: 18.0.0
      react-dom: 18.0.0(react@18.0.0)
      uuid: 8.3.2

  next-themes@0.4.6(react-dom@18.0.0(react@18.0.0))(react@18.0.0):
    dependencies:
      react: 18.0.0
      react-dom: 18.0.0(react@18.0.0)

  next@14.2.16(@opentelemetry/api@1.9.0)(react-dom@18.0.0(react@18.0.0))(react@18.0.0):
    dependencies:
      '@next/env': 14.2.16
      '@swc/helpers': 0.5.5
      busboy: 1.6.0
      caniuse-lite: 1.0.30001743
      graceful-fs: 4.2.11
      postcss: 8.4.31
      react: 18.0.0
      react-dom: 18.0.0(react@18.0.0)
      styled-jsx: 5.1.1(react@18.0.0)
    optionalDependencies:
      '@next/swc-darwin-arm64': 14.2.16
      '@next/swc-darwin-x64': 14.2.16
      '@next/swc-linux-arm64-gnu': 14.2.16
      '@next/swc-linux-arm64-musl': 14.2.16
      '@next/swc-linux-x64-gnu': 14.2.16
      '@next/swc-linux-x64-musl': 14.2.16
      '@next/swc-win32-arm64-msvc': 14.2.16
      '@next/swc-win32-ia32-msvc': 14.2.16
      '@next/swc-win32-x64-msvc': 14.2.16
      '@opentelemetry/api': 1.9.0
    transitivePeerDependencies:
      - '@babel/core'
      - babel-plugin-macros

  oauth@0.9.15: {}

  object-hash@2.2.0: {}

  oidc-token-hash@5.1.1: {}

  openid-client@5.7.1:
    dependencies:
      jose: 4.15.9
      lru-cache: 6.0.0
      object-hash: 2.2.0
      oidc-token-hash: 5.1.1

  picocolors@1.1.1: {}

  postcss@8.4.31:
    dependencies:
      nanoid: 3.3.11
      picocolors: 1.1.1
      source-map-js: 1.2.1

  postcss@8.5.0:
    dependencies:
      nanoid: 3.3.11
      picocolors: 1.1.1
      source-map-js: 1.2.1

  preact-render-to-string@5.2.6(preact@10.27.2):
    dependencies:
      preact: 10.27.2
      pretty-format: 3.8.0

  preact@10.27.2: {}

  pretty-format@3.8.0: {}

  prisma@5.14.0:
    dependencies:
      '@prisma/engines': 5.14.0

  react-dom@18.0.0(react@18.0.0):
    dependencies:
      loose-envify: 1.4.0
      react: 18.0.0
      scheduler: 0.21.0

  react-is@19.1.1: {}

  react-redux@9.2.0(@types/react@18.0.0)(react@18.0.0)(redux@5.0.1):
    dependencies:
      '@types/use-sync-external-store': 0.0.6
      react: 18.0.0
      use-sync-external-store: 1.5.0(react@18.0.0)
    optionalDependencies:
      '@types/react': 18.0.0
      redux: 5.0.1

  react@18.0.0:
    dependencies:
      loose-envify: 1.4.0

  recharts@3.2.1(@types/react@18.0.0)(react-dom@18.0.0(react@18.0.0))(react-is@19.1.1)(react@18.0.0)(redux@5.0.1):
    dependencies:
      '@reduxjs/toolkit': 2.9.0(react-redux@9.2.0(@types/react@18.0.0)(react@18.0.0)(redux@5.0.1))(react@18.0.0)
      clsx: 2.1.1
      decimal.js-light: 2.5.1
      es-toolkit: 1.39.10
      eventemitter3: 5.0.1
      immer: 10.1.3
      react: 18.0.0
      react-dom: 18.0.0(react@18.0.0)
      react-is: 19.1.1
      react-redux: 9.2.0(@types/react@18.0.0)(react@18.0.0)(redux@5.0.1)
      reselect: 5.1.1
      tiny-invariant: 1.3.3
      use-sync-external-store: 1.5.0(react@18.0.0)
      victory-vendor: 37.3.6
    transitivePeerDependencies:
      - '@types/react'
      - redux

  redux-thunk@3.1.0(redux@5.0.1):
    dependencies:
      redux: 5.0.1

  redux@5.0.1: {}

  reselect@5.1.1: {}

  resolve-pkg-maps@1.0.0: {}

  scheduler@0.21.0:
    dependencies:
      loose-envify: 1.4.0

  source-map-js@1.2.1: {}

  streamsearch@1.1.0: {}

  styled-jsx@5.1.1(react@18.0.0):
    dependencies:
      client-only: 0.0.1
      react: 18.0.0

  tailwind-merge@2.5.5: {}

  tailwindcss-animate@1.0.7(tailwindcss@4.1.9):
    dependencies:
      tailwindcss: 4.1.9

  tailwindcss@4.1.9: {}

  tiny-invariant@1.3.3: {}

  tslib@2.8.1: {}

  tsx@4.6.2:
    dependencies:
      esbuild: 0.18.20
      get-tsconfig: 4.10.1
    optionalDependencies:
      fsevents: 2.3.3

  typescript@5.0.2: {}

  undici-types@6.11.1: {}

  use-sync-external-store@1.5.0(react@18.0.0):
    dependencies:
      react: 18.0.0

  uuid@8.3.2: {}

  victory-vendor@37.3.6:
    dependencies:
      '@types/d3-array': 3.2.2
      '@types/d3-ease': 3.0.2
      '@types/d3-interpolate': 3.0.4
      '@types/d3-scale': 4.0.9
      '@types/d3-shape': 3.1.7
      '@types/d3-time': 3.0.4
      '@types/d3-timer': 3.0.2
      d3-array: 3.2.4
      d3-ease: 3.0.1
      d3-interpolate: 3.0.1
      d3-scale: 4.0.2
      d3-shape: 3.2.0
      d3-time: 3.1.0
      d3-timer: 3.0.1

  yallist@4.0.0: {}

  zod@4.1.9: {}
